
Microsoft Visual Studio Solution File, Format Version 12.00
# Visual Studio 15
VisualStudioVersion = 15.0.27130.2027
MinimumVisualStudioVersion = 10.0.40219.1
Project("{9A19103F-16F7-4668-BE54-9A1E7A4F7556}") = "Lykke.AlgoStore.CSharp.AlgoTemplate.API", "src\Lykke.AlgoStore.CSharp.AlgoTemplate.API\Lykke.AlgoStore.CSharp.AlgoTemplate.API.csproj", "{E414FDB9-FEEA-4CD0-9BBA-D1541601DF29}"
EndProject
Project("{2150E333-8FDC-42A3-9474-1A3956D46DE8}") = "1. Instrastructure", "1. Instrastructure", "{CC2067D7-1971-47BB-B491-5649EA3C18B2}"
EndProject
Project("{9A19103F-16F7-4668-BE54-9A1E7A4F7556}") = "Lykke.AlgoStore.CSharp.AlgoTemplate.Core", "src\Lykke.AlgoStore.CSharp.AlgoTemplate.Core\Lykke.AlgoStore.CSharp.AlgoTemplate.Core.csproj", "{F5B2F6B8-A8CC-4612-8F1D-C063EB8C8955}"
EndProject
Project("{2150E333-8FDC-42A3-9474-1A3956D46DE8}") = "2. Repositories", "2. Repositories", "{BF745453-B940-470E-81BC-43FB67703D4E}"
EndProject
Project("{9A19103F-16F7-4668-BE54-9A1E7A4F7556}") = "Lykke.AlgoStore.CSharp.AlgoTemplate.AzureRepositories", "src\Lykke.AlgoStore.CSharp.AlgoTemplate.AzureRepositories\Lykke.AlgoStore.CSharp.AlgoTemplate.AzureRepositories.csproj", "{4BE49E02-AAAD-460B-8D00-57F412A3D181}"
EndProject
Project("{9A19103F-16F7-4668-BE54-9A1E7A4F7556}") = "Lykke.AlgoStore.CSharp.AlgoTemplate.Services", "src\Lykke.AlgoStore.CSharp.AlgoTemplate.Services\Lykke.AlgoStore.CSharp.AlgoTemplate.Services.csproj", "{2D5F52EC-2A27-4045-81ED-72355E2A6325}"
EndProject
Project("{2150E333-8FDC-42A3-9474-1A3956D46DE8}") = "Solution items", "Solution items", "{6CA74DE0-A357-4934-9D8B-FEA3F0A2D690}"
	ProjectSection(SolutionItems) = preProject
		.gitignore = .gitignore
		README.md = README.md
	EndProjectSection
EndProject
Project("{2150E333-8FDC-42A3-9474-1A3956D46DE8}") = "3. Client", "3. Client", "{C9A2CFDE-EA32-4946-B679-7CE6EFA816B8}"
EndProject
Project("{9A19103F-16F7-4668-BE54-9A1E7A4F7556}") = "Lykke.AlgoStore.CSharp.AlgoTemplate.Client", "client\Lykke.AlgoStore.CSharp.AlgoTemplate.Client\Lykke.AlgoStore.CSharp.AlgoTemplate.Client.csproj", "{3C300C31-97D3-41E8-A627-C53491BDA28B}"
EndProject
Project("{9A19103F-16F7-4668-BE54-9A1E7A4F7556}") = "Lykke.AlgoStore.CSharp.AlgoTemplate.Tests", "tests\Lykke.AlgoStore.CSharp.AlgoTemplate.Tests\Lykke.AlgoStore.CSharp.AlgoTemplate.Tests.csproj", "{A61FFDEE-5725-4650-A788-6E55EE5EFD5B}"
EndProject
Project("{2150E333-8FDC-42A3-9474-1A3956D46DE8}") = "4. Tests", "4. Tests", "{8F9036B1-5106-4C69-B2D2-B78EE52687A0}"
EndProject
Project("{2150E333-8FDC-42A3-9474-1A3956D46DE8}") = "0. Algo", "0. Algo", "{20D432B3-9A33-49E6-9898-C4C889A4E78F}"
EndProject
Project("{9A19103F-16F7-4668-BE54-9A1E7A4F7556}") = "Lykke.AlgoStore.CSharp.Algo.Core", "src\Lykke.AlgoStore.CSharp.Algo.Core\Lykke.AlgoStore.CSharp.Algo.Core.csproj", "{4EA0D333-637C-4FB4-A795-6D3199D0A8BF}"
EndProject
Project("{9A19103F-16F7-4668-BE54-9A1E7A4F7556}") = "Lykke.AlgoStore.CSharp.Algo.Implemention", "src\Lykke.AlgoStore.CSharp.Algo.Implemention\Lykke.AlgoStore.CSharp.Algo.Implemention.csproj", "{A7A79AC6-CECB-40F3-ABB5-02B6CB17A0E7}"
EndProject
Project("{2150E333-8FDC-42A3-9474-1A3956D46DE8}") = "5 - Models", "5 - Models", "{1B91A99B-B77F-45D2-9C15-7C08DFDF8AF2}"
EndProject
Project("{9A19103F-16F7-4668-BE54-9A1E7A4F7556}") = "Lykke.AlgoStore.CSharp.AlgoTemplate.Models", "src\Lykke.AlgoStore.CSharp.AlgoTemplate.Models\Lykke.AlgoStore.CSharp.AlgoTemplate.Models.csproj", "{8F7B39C3-9198-4A03-87D1-29D1ED9A7930}"
EndProject
Global
	GlobalSection(SolutionConfigurationPlatforms) = preSolution
		Debug|Any CPU = Debug|Any CPU
		Release|Any CPU = Release|Any CPU
	EndGlobalSection
	GlobalSection(ProjectConfigurationPlatforms) = postSolution
		{E414FDB9-FEEA-4CD0-9BBA-D1541601DF29}.Debug|Any CPU.ActiveCfg = Debug|Any CPU
		{E414FDB9-FEEA-4CD0-9BBA-D1541601DF29}.Debug|Any CPU.Build.0 = Debug|Any CPU
		{E414FDB9-FEEA-4CD0-9BBA-D1541601DF29}.Release|Any CPU.ActiveCfg = Release|Any CPU
		{E414FDB9-FEEA-4CD0-9BBA-D1541601DF29}.Release|Any CPU.Build.0 = Release|Any CPU
		{F5B2F6B8-A8CC-4612-8F1D-C063EB8C8955}.Debug|Any CPU.ActiveCfg = Debug|Any CPU
		{F5B2F6B8-A8CC-4612-8F1D-C063EB8C8955}.Debug|Any CPU.Build.0 = Debug|Any CPU
		{F5B2F6B8-A8CC-4612-8F1D-C063EB8C8955}.Release|Any CPU.ActiveCfg = Release|Any CPU
		{F5B2F6B8-A8CC-4612-8F1D-C063EB8C8955}.Release|Any CPU.Build.0 = Release|Any CPU
		{4BE49E02-AAAD-460B-8D00-57F412A3D181}.Debug|Any CPU.ActiveCfg = Debug|Any CPU
		{4BE49E02-AAAD-460B-8D00-57F412A3D181}.Debug|Any CPU.Build.0 = Debug|Any CPU
		{4BE49E02-AAAD-460B-8D00-57F412A3D181}.Release|Any CPU.ActiveCfg = Release|Any CPU
		{4BE49E02-AAAD-460B-8D00-57F412A3D181}.Release|Any CPU.Build.0 = Release|Any CPU
		{2D5F52EC-2A27-4045-81ED-72355E2A6325}.Debug|Any CPU.ActiveCfg = Debug|Any CPU
		{2D5F52EC-2A27-4045-81ED-72355E2A6325}.Debug|Any CPU.Build.0 = Debug|Any CPU
		{2D5F52EC-2A27-4045-81ED-72355E2A6325}.Release|Any CPU.ActiveCfg = Release|Any CPU
		{2D5F52EC-2A27-4045-81ED-72355E2A6325}.Release|Any CPU.Build.0 = Release|Any CPU
		{3C300C31-97D3-41E8-A627-C53491BDA28B}.Debug|Any CPU.ActiveCfg = Debug|Any CPU
		{3C300C31-97D3-41E8-A627-C53491BDA28B}.Debug|Any CPU.Build.0 = Debug|Any CPU
		{3C300C31-97D3-41E8-A627-C53491BDA28B}.Release|Any CPU.ActiveCfg = Release|Any CPU
		{3C300C31-97D3-41E8-A627-C53491BDA28B}.Release|Any CPU.Build.0 = Release|Any CPU
		{A61FFDEE-5725-4650-A788-6E55EE5EFD5B}.Debug|Any CPU.ActiveCfg = Debug|Any CPU
		{A61FFDEE-5725-4650-A788-6E55EE5EFD5B}.Debug|Any CPU.Build.0 = Debug|Any CPU
		{A61FFDEE-5725-4650-A788-6E55EE5EFD5B}.Release|Any CPU.ActiveCfg = Release|Any CPU
		{A61FFDEE-5725-4650-A788-6E55EE5EFD5B}.Release|Any CPU.Build.0 = Release|Any CPU
		{4EA0D333-637C-4FB4-A795-6D3199D0A8BF}.Debug|Any CPU.ActiveCfg = Debug|Any CPU
		{4EA0D333-637C-4FB4-A795-6D3199D0A8BF}.Debug|Any CPU.Build.0 = Debug|Any CPU
		{4EA0D333-637C-4FB4-A795-6D3199D0A8BF}.Release|Any CPU.ActiveCfg = Release|Any CPU
		{4EA0D333-637C-4FB4-A795-6D3199D0A8BF}.Release|Any CPU.Build.0 = Release|Any CPU
		{A7A79AC6-CECB-40F3-ABB5-02B6CB17A0E7}.Debug|Any CPU.ActiveCfg = Debug|Any CPU
		{A7A79AC6-CECB-40F3-ABB5-02B6CB17A0E7}.Debug|Any CPU.Build.0 = Debug|Any CPU
		{A7A79AC6-CECB-40F3-ABB5-02B6CB17A0E7}.Release|Any CPU.ActiveCfg = Release|Any CPU
		{A7A79AC6-CECB-40F3-ABB5-02B6CB17A0E7}.Release|Any CPU.Build.0 = Release|Any CPU
		{8F7B39C3-9198-4A03-87D1-29D1ED9A7930}.Debug|Any CPU.ActiveCfg = Debug|Any CPU
		{8F7B39C3-9198-4A03-87D1-29D1ED9A7930}.Debug|Any CPU.Build.0 = Debug|Any CPU
		{8F7B39C3-9198-4A03-87D1-29D1ED9A7930}.Release|Any CPU.ActiveCfg = Release|Any CPU
		{8F7B39C3-9198-4A03-87D1-29D1ED9A7930}.Release|Any CPU.Build.0 = Release|Any CPU
	EndGlobalSection
	GlobalSection(SolutionProperties) = preSolution
		HideSolutionNode = FALSE
	EndGlobalSection
	GlobalSection(NestedProjects) = preSolution
		{F5B2F6B8-A8CC-4612-8F1D-C063EB8C8955} = {CC2067D7-1971-47BB-B491-5649EA3C18B2}
		{4BE49E02-AAAD-460B-8D00-57F412A3D181} = {BF745453-B940-470E-81BC-43FB67703D4E}
		{2D5F52EC-2A27-4045-81ED-72355E2A6325} = {CC2067D7-1971-47BB-B491-5649EA3C18B2}
		{3C300C31-97D3-41E8-A627-C53491BDA28B} = {C9A2CFDE-EA32-4946-B679-7CE6EFA816B8}
		{A61FFDEE-5725-4650-A788-6E55EE5EFD5B} = {8F9036B1-5106-4C69-B2D2-B78EE52687A0}
		{4EA0D333-637C-4FB4-A795-6D3199D0A8BF} = {20D432B3-9A33-49E6-9898-C4C889A4E78F}
		{A7A79AC6-CECB-40F3-ABB5-02B6CB17A0E7} = {20D432B3-9A33-49E6-9898-C4C889A4E78F}
		{8F7B39C3-9198-4A03-87D1-29D1ED9A7930} = {1B91A99B-B77F-45D2-9C15-7C08DFDF8AF2}
	EndGlobalSection
	GlobalSection(ExtensibilityGlobals) = postSolution
		SolutionGuid = {2725BA66-6731-495C-8984-014387065075}
	EndGlobalSection
EndGlobal
